{
  "name": "demo001",
  "version": "0.0.1",
  "lockfileVersion": 1,
  "requires": true,
  "dependencies": {
    "bootstrap": {
      "version": "4.1.3",
      "resolved": "https://registry.npmjs.org/bootstrap/-/bootstrap-4.1.3.tgz",
      "integrity": "sha512-rDFIzgXcof0jDyjNosjv4Sno77X4KuPeFxG2XZZv1/Kc8DRVGVADdoQyyOVDwPqL36DDmtCQbrpMCqvpPLJQ0w=="
    },
    "jquery": {
      "version": "1.12.1",
      "resolved": "https://registry.npmjs.org/jquery/-/jquery-1.12.1.tgz",
      "integrity": "sha1-nMNM5HgNTOuQxEMo8HEGTwGWDBg="
    }
  }
}
